{
    "_meta": {
        "hash": {
            "sha256": "07d80ff2eb6a78afa8a292c6446ca4b3b7d928124d2a725c0d744892d4fabf84"
        },
        "pipfile-spec": 6,
        "requires": {
            "python_version": "3.9"
        },
        "sources": [
            {
                "name": "internal",
                "url": "https://wmo-internal-share-pre.aws.edfenergy.net/packages/python",
                "verify_ssl": true
            }
        ]
    },
    "default": {
        "beautifulsoup4": {
            "hashes": [
                "sha256:58d5c3d29f5a36ffeb94f02f0d786cd53014cf9b3b3951d42e0080d8a9498d30"
            ],
            "version": "==4.11.1"
        },
        "boto3": {
            "hashes": [
                "sha256:2ea0e0aa1494ef87a342260da8d9381000d774e73d83ee3d7c2906fefcbe2c32"
            ],
            "index": "internal",
            "version": "==1.20.45"
        },
        "botocore": {
            "hashes": [
                "sha256:793a0a4b572bfb157ba17971e4d783766f59c5a0f117407bbeefeb577efa1ed1"
            ],
            "version": "==1.23.45"
        },
        "certifi": {
            "hashes": [
                "sha256:90c1a32f1d68f940488354e36370f6cca89f0f106db09518524c88d6ed83f382"
            ],
            "version": "==2022.9.24"
        },
        "charset-normalizer": {
            "hashes": [
                "sha256:83e9a75d1911279afd89352c68b45348559d1fc0506b054b346651b5e7fee29f"
            ],
            "version": "==2.1.1"
        },
        "entsoe-py": {
            "hashes": [
                "sha256:423362b39f35f9a541ceff934e432e47900b179b47e32fee9f786e272d38092b"
            ],
            "index": "internal",
            "version": "==0.5.8"
        },
        "idna": {
            "hashes": [
                "sha256:90b77e79eaa3eba6de819a0c442c0b4ceefc341a7a2ab77d7562bf49f425c5c2"
            ],
            "version": "==3.4"
        },
        "jmespath": {
            "hashes": [
                "sha256:cdf6525904cc597730141d61b36f2e4b8ecc257c420fa2f4549bac2c2d0cb72f"
            ],
            "version": "==0.10.0"
        },
        "numpy": {
            "hashes": [
                "sha256:004f0efcb2fe1c0bd6ae1fcfc69cc8b6bf2407e0f18be308612007a0762b4089",
                "sha256:39a664e3d26ea854211867d20ebcc8023257c1800ae89773cbba9f9e97bae036",
                "sha256:78a63d2df1d947bd9d1b11d35564c2f9e4b57898aae4626638056ec1a231c40c",
                "sha256:d5422d6a1ea9b15577a9432e26608c73a78faf0b9039437b075cf322c92e98e7"
            ],
            "markers": "python_version < '3.10'",
            "version": "==1.23.3"
        },
        "pandas": {
            "hashes": [
                "sha256:1642fc6138b4e45d57a12c1b464a01a6d868c0148996af23f72dde8d12486bbc",
                "sha256:8a4fc04838615bf0a8d3a03ed68197f358054f0df61f390bcc64fbe39e3d71ec",
                "sha256:c76f1d104844c5360c21d2ef0e1a8b2ccf8b8ebb40788475e255b9462e32b2be",
                "sha256:c7f38d91f21937fe2bec9449570d7bf36ad7136227ef43b321194ec249e2149d"
            ],
            "index": "internal",
            "version": "==1.5.0"
        },
        "python-dateutil": {
            "hashes": [
                "sha256:961d03dc3453ebbc59dbdea9e4e11c5651520a876d0f4db161e8674aae935da9"
            ],
            "version": "==2.8.2"
        },
        "pytz": {
            "hashes": [
                "sha256:2c0784747071402c6e99f0bafdb7da0fa22645f06554c7ae06bf6358897e9c91"
            ],
            "version": "==2022.4"
        },
        "requests": {
            "hashes": [
                "sha256:8fefa2a1a1365bf5520aac41836fbee479da67864514bdb821f31ce07ce65349"
            ],
            "version": "==2.28.1"
        },
        "s3transfer": {
            "hashes": [
                "sha256:9c1dc369814391a6bda20ebbf4b70a0f34630592c9aa520856bf384916af2803"
            ],
            "version": "==0.5.0"
        },
        "six": {
            "hashes": [
                "sha256:8abb2f1d86890a2dfb989f9a77cfcfd3e47c2a354b01111771326f8aa26e0254"
            ],
            "version": "==1.16.0"
        },
        "soupsieve": {
            "hashes": [
                "sha256:3b2503d3c7084a42b1ebd08116e5f81aadfaea95863628c80a3b774a11b7c759"
            ],
            "version": "==2.3.2.post1"
        },
        "urllib3": {
            "hashes": [
                "sha256:b930dd878d5a8afb066a637fbb35144fe7901e3b209d1cd4f524bd0e9deee997"
            ],
            "version": "==1.26.12"
        }
    },
    "develop": {}
}
